// !$*UTF8*$!
{
	archiveVersion = 1;
	classes = {
	};
	objectVersion = 46;
	objects = {

/* Begin PBXBuildFile section */
		915EBEDE9ABE84832E50B28E /* Pods_PokemonCollection.framework in Frameworks */ = {isa = PBXBuildFile; fileRef = BD27B77C6012AE1C798A35EB /* Pods_PokemonCollection.framework */; };
		D229D5E41D78224D00C801C8 /* DetailPokemonVC.swift in Sources */ = {isa = PBXBuildFile; fileRef = D229D5E31D78224D00C801C8 /* DetailPokemonVC.swift */; };
		D25B96C01D76899700342749 /* AppDelegate.swift in Sources */ = {isa = PBXBuildFile; fileRef = D25B96BF1D76899700342749 /* AppDelegate.swift */; };
		D25B96C21D76899700342749 /* ViewController.swift in Sources */ = {isa = PBXBuildFile; fileRef = D25B96C11D76899700342749 /* ViewController.swift */; };
		D25B96C51D76899700342749 /* Main.storyboard in Resources */ = {isa = PBXBuildFile; fileRef = D25B96C31D76899700342749 /* Main.storyboard */; };
		D25B96C71D76899700342749 /* Assets.xcassets in Resources */ = {isa = PBXBuildFile; fileRef = D25B96C61D76899700342749 /* Assets.xcassets */; };
		D25B96CA1D76899700342749 /* LaunchScreen.storyboard in Resources */ = {isa = PBXBuildFile; fileRef = D25B96C81D76899700342749 /* LaunchScreen.storyboard */; };
		D25B96D51D76899800342749 /* PokemonCollectionTests.swift in Sources */ = {isa = PBXBuildFile; fileRef = D25B96D41D76899800342749 /* PokemonCollectionTests.swift */; };
		D25B96E01D76899800342749 /* PokemonCollectionUITests.swift in Sources */ = {isa = PBXBuildFile; fileRef = D25B96DF1D76899800342749 /* PokemonCollectionUITests.swift */; };
		D25B96EE1D76BAA400342749 /* pokemon.csv in Resources */ = {isa = PBXBuildFile; fileRef = D25B96ED1D76BAA400342749 /* pokemon.csv */; };
		D25B96F11D76BE6100342749 /* Pokemon.swift in Sources */ = {isa = PBXBuildFile; fileRef = D25B96F01D76BE6100342749 /* Pokemon.swift */; };
		D25B96F41D76CDF600342749 /* PokeCell.swift in Sources */ = {isa = PBXBuildFile; fileRef = D25B96F31D76CDF600342749 /* PokeCell.swift */; };
		D28C33521D77BDCB001DA32A /* csv.swift in Sources */ = {isa = PBXBuildFile; fileRef = D28C33511D77BDCB001DA32A /* csv.swift */; };
		D29A98021D79CB250040BE51 /* Constants.swift in Sources */ = {isa = PBXBuildFile; fileRef = D29A98011D79CB250040BE51 /* Constants.swift */; };
		D2DBB64AE8050A4B1798F546 /* Pods_PokemonCollectionTests.framework in Frameworks */ = {isa = PBXBuildFile; fileRef = AB07DAC3D6E63AC2881B4202 /* Pods_PokemonCollectionTests.framework */; };
		D2DEE0161D7807E90083C689 /* Pokemon Solid.ttf in Resources */ = {isa = PBXBuildFile; fileRef = D2DEE0151D7807E90083C689 /* Pokemon Solid.ttf */; };
		D2DEE01C1D780AB00083C689 /* music.mp3 in Resources */ = {isa = PBXBuildFile; fileRef = D2DEE01A1D780AB00083C689 /* music.mp3 */; };
		D2DEE01D1D780AB00083C689 /* music.png in Resources */ = {isa = PBXBuildFile; fileRef = D2DEE01B1D780AB00083C689 /* music.png */; };
		D724948E4B28255109BB5115 /* Pods_PokemonCollectionUITests.framework in Frameworks */ = {isa = PBXBuildFile; fileRef = F2FC7467692A7B2FBC890D35 /* Pods_PokemonCollectionUITests.framework */; };
/* End PBXBuildFile section */

/* Begin PBXContainerItemProxy section */
		D25B96D11D76899800342749 /* PBXContainerItemProxy */ = {
			isa = PBXContainerItemProxy;
			containerPortal = D25B96B41D76899700342749 /* Project object */;
			proxyType = 1;
			remoteGlobalIDString = D25B96BB1D76899700342749;
			remoteInfo = PokemonCollection;
		};
		D25B96DC1D76899800342749 /* PBXContainerItemProxy */ = {
			isa = PBXContainerItemProxy;
			containerPortal = D25B96B41D76899700342749 /* Project object */;
			proxyType = 1;
			remoteGlobalIDString = D25B96BB1D76899700342749;
			remoteInfo = PokemonCollection;
		};
/* End PBXContainerItemProxy section */

/* Begin PBXFileReference section */
		2AAC30641A69291F2595CE31 /* Pods-PokemonCollectionUITests.release.xcconfig */ = {isa = PBXFileReference; includeInIndex = 1; lastKnownFileType = text.xcconfig; name = "Pods-PokemonCollectionUITests.release.xcconfig"; path = "Pods/Target Support Files/Pods-PokemonCollectionUITests/Pods-PokemonCollectionUITests.release.xcconfig"; sourceTree = "<group>"; };
		4CEA0C2BD27CAFB38FBB31C8 /* Pods-PokemonCollection.release.xcconfig */ = {isa = PBXFileReference; includeInIndex = 1; lastKnownFileType = text.xcconfig; name = "Pods-PokemonCollection.release.xcconfig"; path = "Pods/Target Support Files/Pods-PokemonCollection/Pods-PokemonCollection.release.xcconfig"; sourceTree = "<group>"; };
		5E973BCBE7D4EF5856A2E197 /* Pods-PokemonCollection.debug.xcconfig */ = {isa = PBXFileReference; includeInIndex = 1; lastKnownFileType = text.xcconfig; name = "Pods-PokemonCollection.debug.xcconfig"; path = "Pods/Target Support Files/Pods-PokemonCollection/Pods-PokemonCollection.debug.xcconfig"; sourceTree = "<group>"; };
		80357ED2C0900F5928DCBE31 /* Pods-PokemonCollectionTests.release.xcconfig */ = {isa = PBXFileReference; includeInIndex = 1; lastKnownFileType = text.xcconfig; name = "Pods-PokemonCollectionTests.release.xcconfig"; path = "Pods/Target Support Files/Pods-PokemonCollectionTests/Pods-PokemonCollectionTests.release.xcconfig"; sourceTree = "<group>"; };
		AB07DAC3D6E63AC2881B4202 /* Pods_PokemonCollectionTests.framework */ = {isa = PBXFileReference; explicitFileType = wrapper.framework; includeInIndex = 0; path = Pods_PokemonCollectionTests.framework; sourceTree = BUILT_PRODUCTS_DIR; };
		BD27B77C6012AE1C798A35EB /* Pods_PokemonCollection.framework */ = {isa = PBXFileReference; explicitFileType = wrapper.framework; includeInIndex = 0; path = Pods_PokemonCollection.framework; sourceTree = BUILT_PRODUCTS_DIR; };
		BF5AA1B12431D7BF5C263412 /* Pods-PokemonCollectionTests.debug.xcconfig */ = {isa = PBXFileReference; includeInIndex = 1; lastKnownFileType = text.xcconfig; name = "Pods-PokemonCollectionTests.debug.xcconfig"; path = "Pods/Target Support Files/Pods-PokemonCollectionTests/Pods-PokemonCollectionTests.debug.xcconfig"; sourceTree = "<group>"; };
		D229D5E31D78224D00C801C8 /* DetailPokemonVC.swift */ = {isa = PBXFileReference; fileEncoding = 4; lastKnownFileType = sourcecode.swift; path = DetailPokemonVC.swift; sourceTree = "<group>"; };
		D25B96BC1D76899700342749 /* PokemonCollection.app */ = {isa = PBXFileReference; explicitFileType = wrapper.application; includeInIndex = 0; path = PokemonCollection.app; sourceTree = BUILT_PRODUCTS_DIR; };
		D25B96BF1D76899700342749 /* AppDelegate.swift */ = {isa = PBXFileReference; lastKnownFileType = sourcecode.swift; path = AppDelegate.swift; sourceTree = "<group>"; };
		D25B96C11D76899700342749 /* ViewController.swift */ = {isa = PBXFileReference; lastKnownFileType = sourcecode.swift; path = ViewController.swift; sourceTree = "<group>"; };
		D25B96C41D76899700342749 /* Base */ = {isa = PBXFileReference; lastKnownFileType = file.storyboard; name = Base; path = Base.lproj/Main.storyboard; sourceTree = "<group>"; };
		D25B96C61D76899700342749 /* Assets.xcassets */ = {isa = PBXFileReference; lastKnownFileType = folder.assetcatalog; path = Assets.xcassets; sourceTree = "<group>"; };
		D25B96C91D76899700342749 /* Base */ = {isa = PBXFileReference; lastKnownFileType = file.storyboard; name = Base; path = Base.lproj/LaunchScreen.storyboard; sourceTree = "<group>"; };
		D25B96CB1D76899700342749 /* Info.plist */ = {isa = PBXFileReference; lastKnownFileType = text.plist.xml; path = Info.plist; sourceTree = "<group>"; };
		D25B96D01D76899800342749 /* PokemonCollectionTests.xctest */ = {isa = PBXFileReference; explicitFileType = wrapper.cfbundle; includeInIndex = 0; path = PokemonCollectionTests.xctest; sourceTree = BUILT_PRODUCTS_DIR; };
		D25B96D41D76899800342749 /* PokemonCollectionTests.swift */ = {isa = PBXFileReference; lastKnownFileType = sourcecode.swift; path = PokemonCollectionTests.swift; sourceTree = "<group>"; };
		D25B96D61D76899800342749 /* Info.plist */ = {isa = PBXFileReference; lastKnownFileType = text.plist.xml; path = Info.plist; sourceTree = "<group>"; };
		D25B96DB1D76899800342749 /* PokemonCollectionUITests.xctest */ = {isa = PBXFileReference; explicitFileType = wrapper.cfbundle; includeInIndex = 0; path = PokemonCollectionUITests.xctest; sourceTree = BUILT_PRODUCTS_DIR; };
		D25B96DF1D76899800342749 /* PokemonCollectionUITests.swift */ = {isa = PBXFileReference; lastKnownFileType = sourcecode.swift; path = PokemonCollectionUITests.swift; sourceTree = "<group>"; };
		D25B96E11D76899800342749 /* Info.plist */ = {isa = PBXFileReference; lastKnownFileType = text.plist.xml; path = Info.plist; sourceTree = "<group>"; };
		D25B96ED1D76BAA400342749 /* pokemon.csv */ = {isa = PBXFileReference; fileEncoding = 4; lastKnownFileType = text; path = pokemon.csv; sourceTree = "<group>"; };
		D25B96F01D76BE6100342749 /* Pokemon.swift */ = {isa = PBXFileReference; fileEncoding = 4; lastKnownFileType = sourcecode.swift; path = Pokemon.swift; sourceTree = "<group>"; };
		D25B96F31D76CDF600342749 /* PokeCell.swift */ = {isa = PBXFileReference; fileEncoding = 4; lastKnownFileType = sourcecode.swift; path = PokeCell.swift; sourceTree = "<group>"; };
		D28C33511D77BDCB001DA32A /* csv.swift */ = {isa = PBXFileReference; fileEncoding = 4; lastKnownFileType = sourcecode.swift; path = csv.swift; sourceTree = "<group>"; };
		D29A98011D79CB250040BE51 /* Constants.swift */ = {isa = PBXFileReference; fileEncoding = 4; lastKnownFileType = sourcecode.swift; path = Constants.swift; sourceTree = "<group>"; };
		D2DEE0151D7807E90083C689 /* Pokemon Solid.ttf */ = {isa = PBXFileReference; lastKnownFileType = file; path = "Pokemon Solid.ttf"; sourceTree = "<group>"; };
		D2DEE01A1D780AB00083C689 /* music.mp3 */ = {isa = PBXFileReference; lastKnownFileType = audio.mp3; path = music.mp3; sourceTree = "<group>"; };
		D2DEE01B1D780AB00083C689 /* music.png */ = {isa = PBXFileReference; lastKnownFileType = image.png; path = music.png; sourceTree = "<group>"; };
		E06C0E53D9E91FA156DDE224 /* Pods-PokemonCollectionUITests.debug.xcconfig */ = {isa = PBXFileReference; includeInIndex = 1; lastKnownFileType = text.xcconfig; name = "Pods-PokemonCollectionUITests.debug.xcconfig"; path = "Pods/Target Support Files/Pods-PokemonCollectionUITests/Pods-PokemonCollectionUITests.debug.xcconfig"; sourceTree = "<group>"; };
		F2FC7467692A7B2FBC890D35 /* Pods_PokemonCollectionUITests.framework */ = {isa = PBXFileReference; explicitFileType = wrapper.framework; includeInIndex = 0; path = Pods_PokemonCollectionUITests.framework; sourceTree = BUILT_PRODUCTS_DIR; };
/* End PBXFileReference section */

/* Begin PBXFrameworksBuildPhase section */
		D25B96B91D76899700342749 /* Frameworks */ = {
			isa = PBXFrameworksBuildPhase;
			buildActionMask = 2147483647;
			files = (
				915EBEDE9ABE84832E50B28E /* Pods_PokemonCollection.framework in Frameworks */,
			);
			runOnlyForDeploymentPostprocessing = 0;
		};
		D25B96CD1D76899800342749 /* Frameworks */ = {
			isa = PBXFrameworksBuildPhase;
			buildActionMask = 2147483647;
			files = (
				D2DBB64AE8050A4B1798F546 /* Pods_PokemonCollectionTests.framework in Frameworks */,
			);
			runOnlyForDeploymentPostprocessing = 0;
		};
		D25B96D81D76899800342749 /* Frameworks */ = {
			isa = PBXFrameworksBuildPhase;
			buildActionMask = 2147483647;
			files = (
				D724948E4B28255109BB5115 /* Pods_PokemonCollectionUITests.framework in Frameworks */,
			);
			runOnlyForDeploymentPostprocessing = 0;
		};
/* End PBXFrameworksBuildPhase section */

/* Begin PBXGroup section */
		5A346F77FC490E1BDED991A3 /* Frameworks */ = {
			isa = PBXGroup;
			children = (
				BD27B77C6012AE1C798A35EB /* Pods_PokemonCollection.framework */,
				AB07DAC3D6E63AC2881B4202 /* Pods_PokemonCollectionTests.framework */,
				F2FC7467692A7B2FBC890D35 /* Pods_PokemonCollectionUITests.framework */,
			);
			name = Frameworks;
			sourceTree = "<group>";
		};
		D25B96B31D76899700342749 = {
			isa = PBXGroup;
			children = (
				D25B96BE1D76899700342749 /* PokemonCollection */,
				D25B96D31D76899800342749 /* PokemonCollectionTests */,
				D25B96DE1D76899800342749 /* PokemonCollectionUITests */,
				D25B96BD1D76899700342749 /* Products */,
				E36202CD4C7EDB2EDAD96B81 /* Pods */,
				5A346F77FC490E1BDED991A3 /* Frameworks */,
			);
			sourceTree = "<group>";
		};
		D25B96BD1D76899700342749 /* Products */ = {
			isa = PBXGroup;
			children = (
				D25B96BC1D76899700342749 /* PokemonCollection.app */,
				D25B96D01D76899800342749 /* PokemonCollectionTests.xctest */,
				D25B96DB1D76899800342749 /* PokemonCollectionUITests.xctest */,
			);
			name = Products;
			sourceTree = "<group>";
		};
		D25B96BE1D76899700342749 /* PokemonCollection */ = {
			isa = PBXGroup;
			children = (
				D25B96EF1D76BE4400342749 /* Model */,
				D25B96F21D76CDDF00342749 /* View */,
				D2DEE0171D7807F20083C689 /* Controller */,
				D2DEE0191D7808110083C689 /* Ulti */,
				D2DEE0181D7808020083C689 /* Resources */,
				D25B96BF1D76899700342749 /* AppDelegate.swift */,
				D2DEE01A1D780AB00083C689 /* music.mp3 */,
				D25B96C31D76899700342749 /* Main.storyboard */,
				D25B96C61D76899700342749 /* Assets.xcassets */,
				D25B96C81D76899700342749 /* LaunchScreen.storyboard */,
				D25B96CB1D76899700342749 /* Info.plist */,
			);
			path = PokemonCollection;
			sourceTree = "<group>";
		};
		D25B96D31D76899800342749 /* PokemonCollectionTests */ = {
			isa = PBXGroup;
			children = (
				D25B96D41D76899800342749 /* PokemonCollectionTests.swift */,
				D25B96D61D76899800342749 /* Info.plist */,
			);
			path = PokemonCollectionTests;
			sourceTree = "<group>";
		};
		D25B96DE1D76899800342749 /* PokemonCollectionUITests */ = {
			isa = PBXGroup;
			children = (
				D25B96DF1D76899800342749 /* PokemonCollectionUITests.swift */,
				D25B96E11D76899800342749 /* Info.plist */,
			);
			path = PokemonCollectionUITests;
			sourceTree = "<group>";
		};
		D25B96EF1D76BE4400342749 /* Model */ = {
			isa = PBXGroup;
			children = (
				D25B96F01D76BE6100342749 /* Pokemon.swift */,
			);
			name = Model;
			sourceTree = "<group>";
		};
		D25B96F21D76CDDF00342749 /* View */ = {
			isa = PBXGroup;
			children = (
				D25B96F31D76CDF600342749 /* PokeCell.swift */,
			);
			name = View;
			sourceTree = "<group>";
		};
		D2DEE0171D7807F20083C689 /* Controller */ = {
			isa = PBXGroup;
			children = (
				D25B96C11D76899700342749 /* ViewController.swift */,
				D229D5E31D78224D00C801C8 /* DetailPokemonVC.swift */,
			);
			name = Controller;
			sourceTree = "<group>";
		};
		D2DEE0181D7808020083C689 /* Resources */ = {
			isa = PBXGroup;
			children = (
				D2DEE01B1D780AB00083C689 /* music.png */,
				D2DEE0151D7807E90083C689 /* Pokemon Solid.ttf */,
				D25B96ED1D76BAA400342749 /* pokemon.csv */,
			);
			name = Resources;
			sourceTree = "<group>";
		};
		D2DEE0191D7808110083C689 /* Ulti */ = {
			isa = PBXGroup;
			children = (
				D28C33511D77BDCB001DA32A /* csv.swift */,
				D29A98011D79CB250040BE51 /* Constants.swift */,
			);
			name = Ulti;
			sourceTree = "<group>";
		};
		E36202CD4C7EDB2EDAD96B81 /* Pods */ = {
			isa = PBXGroup;
			children = (
				5E973BCBE7D4EF5856A2E197 /* Pods-PokemonCollection.debug.xcconfig */,
				4CEA0C2BD27CAFB38FBB31C8 /* Pods-PokemonCollection.release.xcconfig */,
				BF5AA1B12431D7BF5C263412 /* Pods-PokemonCollectionTests.debug.xcconfig */,
				80357ED2C0900F5928DCBE31 /* Pods-PokemonCollectionTests.release.xcconfig */,
				E06C0E53D9E91FA156DDE224 /* Pods-PokemonCollectionUITests.debug.xcconfig */,
				2AAC30641A69291F2595CE31 /* Pods-PokemonCollectionUITests.release.xcconfig */,
			);
			name = Pods;
			sourceTree = "<group>";
		};
/* End PBXGroup section */

/* Begin PBXNativeTarget section */
		D25B96BB1D76899700342749 /* PokemonCollection */ = {
			isa = PBXNativeTarget;
			buildConfigurationList = D25B96E41D76899800342749 /* Build configuration list for PBXNativeTarget "PokemonCollection" */;
			buildPhases = (
				E30067196DCD68BB538E6D46 /* [CP] Check Pods Manifest.lock */,
				D25B96B81D76899700342749 /* Sources */,
				D25B96B91D76899700342749 /* Frameworks */,
				D25B96BA1D76899700342749 /* Resources */,
				FBD3140A2F642D1146A27877 /* [CP] Embed Pods Frameworks */,
				7A3605BC2023E53E4C08D1C5 /* [CP] Copy Pods Resources */,
			);
			buildRules = (
			);
			dependencies = (
			);
			name = PokemonCollection;
			productName = PokemonCollection;
			productReference = D25B96BC1D76899700342749 /* PokemonCollection.app */;
			productType = "com.apple.product-type.application";
		};
		D25B96CF1D76899800342749 /* PokemonCollectionTests */ = {
			isa = PBXNativeTarget;
			buildConfigurationList = D25B96E71D76899800342749 /* Build configuration list for PBXNativeTarget "PokemonCollectionTests" */;
			buildPhases = (
				6C625F6F0A4732E0F072B5ED /* [CP] Check Pods Manifest.lock */,
				D25B96CC1D76899800342749 /* Sources */,
				D25B96CD1D76899800342749 /* Frameworks */,
				D25B96CE1D76899800342749 /* Resources */,
				2CB3722F52E06FEDABA4A10D /* [CP] Embed Pods Frameworks */,
				DE00CECA4531B3AA328BEF7F /* [CP] Copy Pods Resources */,
			);
			buildRules = (
			);
			dependencies = (
				D25B96D21D76899800342749 /* PBXTargetDependency */,
			);
			name = PokemonCollectionTests;
			productName = PokemonCollectionTests;
			productReference = D25B96D01D76899800342749 /* PokemonCollectionTests.xctest */;
			productType = "com.apple.product-type.bundle.unit-test";
		};
		D25B96DA1D76899800342749 /* PokemonCollectionUITests */ = {
			isa = PBXNativeTarget;
			buildConfigurationList = D25B96EA1D76899800342749 /* Build configuration list for PBXNativeTarget "PokemonCollectionUITests" */;
			buildPhases = (
				E32E4E0B51F3EB83F925696E /* [CP] Check Pods Manifest.lock */,
				D25B96D71D76899800342749 /* Sources */,
				D25B96D81D76899800342749 /* Frameworks */,
				D25B96D91D76899800342749 /* Resources */,
				250F2991ABB38313D3C2EE84 /* [CP] Embed Pods Frameworks */,
				7C7755EDD63793CF1F45F772 /* [CP] Copy Pods Resources */,
			);
			buildRules = (
			);
			dependencies = (
				D25B96DD1D76899800342749 /* PBXTargetDependency */,
			);
			name = PokemonCollectionUITests;
			productName = PokemonCollectionUITests;
			productReference = D25B96DB1D76899800342749 /* PokemonCollectionUITests.xctest */;
			productType = "com.apple.product-type.bundle.ui-testing";
		};
/* End PBXNativeTarget section */

/* Begin PBXProject section */
		D25B96B41D76899700342749 /* Project object */ = {
			isa = PBXProject;
			attributes = {
				LastSwiftUpdateCheck = 0800;
				LastUpgradeCheck = 0800;
				ORGANIZATIONNAME = Khoa;
				TargetAttributes = {
					D25B96BB1D76899700342749 = {
						CreatedOnToolsVersion = 8.0;
						DevelopmentTeam = WG937QNZTU;
						LastSwiftMigration = 0800;
						ProvisioningStyle = Automatic;
					};
					D25B96CF1D76899800342749 = {
						CreatedOnToolsVersion = 8.0;
						DevelopmentTeam = WG937QNZTU;
						LastSwiftMigration = 0800;
						ProvisioningStyle = Automatic;
						TestTargetID = D25B96BB1D76899700342749;
					};
					D25B96DA1D76899800342749 = {
						CreatedOnToolsVersion = 8.0;
						DevelopmentTeam = WG937QNZTU;
						LastSwiftMigration = 0800;
						ProvisioningStyle = Automatic;
						TestTargetID = D25B96BB1D76899700342749;
					};
				};
			};
			buildConfigurationList = D25B96B71D76899700342749 /* Build configuration list for PBXProject "PokemonCollection" */;
			compatibilityVersion = "Xcode 3.2";
			developmentRegion = English;
			hasScannedForEncodings = 0;
			knownRegions = (
				en,
				Base,
			);
			mainGroup = D25B96B31D76899700342749;
			productRefGroup = D25B96BD1D76899700342749 /* Products */;
			projectDirPath = "";
			projectRoot = "";
			targets = (
				D25B96BB1D76899700342749 /* PokemonCollection */,
				D25B96CF1D76899800342749 /* PokemonCollectionTests */,
				D25B96DA1D76899800342749 /* PokemonCollectionUITests */,
			);
		};
/* End PBXProject section */

/* Begin PBXResourcesBuildPhase section */
		D25B96BA1D76899700342749 /* Resources */ = {
			isa = PBXResourcesBuildPhase;
			buildActionMask = 2147483647;
			files = (
				D2DEE0161D7807E90083C689 /* Pokemon Solid.ttf in Resources */,
				D2DEE01D1D780AB00083C689 /* music.png in Resources */,
				D25B96CA1D76899700342749 /* LaunchScreen.storyboard in Resources */,
				D2DEE01C1D780AB00083C689 /* music.mp3 in Resources */,
				D25B96C71D76899700342749 /* Assets.xcassets in Resources */,
				D25B96EE1D76BAA400342749 /* pokemon.csv in Resources */,
				D25B96C51D76899700342749 /* Main.storyboard in Resources */,
			);
			runOnlyForDeploymentPostprocessing = 0;
		};
		D25B96CE1D76899800342749 /* Resources */ = {
			isa = PBXResourcesBuildPhase;
			buildActionMask = 2147483647;
			files = (
			);
			runOnlyForDeploymentPostprocessing = 0;
		};
		D25B96D91D76899800342749 /* Resources */ = {
			isa = PBXResourcesBuildPhase;
			buildActionMask = 2147483647;
			files = (
			);
			runOnlyForDeploymentPostprocessing = 0;
		};
/* End PBXResourcesBuildPhase section */

/* Begin PBXShellScriptBuildPhase section */
		250F2991ABB38313D3C2EE84 /* [CP] Embed Pods Frameworks */ = {
			isa = PBXShellScriptBuildPhase;
			buildActionMask = 2147483647;
			files = (
			);
			inputPaths = (
			);
			name = "[CP] Embed Pods Frameworks";
			outputPaths = (
			);
			runOnlyForDeploymentPostprocessing = 0;
			shellPath = /bin/sh;
			shellScript = "\"${SRCROOT}/Pods/Target Support Files/Pods-PokemonCollectionUITests/Pods-PokemonCollectionUITests-frameworks.sh\"\n";
			showEnvVarsInLog = 0;
		};
		2CB3722F52E06FEDABA4A10D /* [CP] Embed Pods Frameworks */ = {
			isa = PBXShellScriptBuildPhase;
			buildActionMask = 2147483647;
			files = (
			);
			inputPaths = (
			);
			name = "[CP] Embed Pods Frameworks";
			outputPaths = (
			);
			runOnlyForDeploymentPostprocessing = 0;
			shellPath = /bin/sh;
			shellScript = "\"${SRCROOT}/Pods/Target Support Files/Pods-PokemonCollectionTests/Pods-PokemonCollectionTests-frameworks.sh\"\n";
			showEnvVarsInLog = 0;
		};
		6C625F6F0A4732E0F072B5ED /* [CP] Check Pods Manifest.lock */ = {
			isa = PBXShellScriptBuildPhase;
			buildActionMask = 2147483647;
			files = (
			);
			inputPaths = (
			);
			name = "[CP] Check Pods Manifest.lock";
			outputPaths = (
			);
			runOnlyForDeploymentPostprocessing = 0;
			shellPath = /bin/sh;
			shellScript = "diff \"${PODS_ROOT}/../Podfile.lock\" \"${PODS_ROOT}/Manifest.lock\" > /dev/null\nif [ $? != 0 ] ; then\n    # print error to STDERR\n    echo \"error: The sandbox is not in sync with the Podfile.lock. Run 'pod install' or update your CocoaPods installation.\" >&2\n    exit 1\nfi\n";
			showEnvVarsInLog = 0;
		};
		7A3605BC2023E53E4C08D1C5 /* [CP] Copy Pods Resources */ = {
			isa = PBXShellScriptBuildPhase;
			buildActionMask = 2147483647;
			files = (
			);
			inputPaths = (
			);
			name = "[CP] Copy Pods Resources";
			outputPaths = (
			);
			runOnlyForDeploymentPostprocessing = 0;
			shellPath = /bin/sh;
			shellScript = "\"${SRCROOT}/Pods/Target Support Files/Pods-PokemonCollection/Pods-PokemonCollection-resources.sh\"\n";
			showEnvVarsInLog = 0;
		};
		7C7755EDD63793CF1F45F772 /* [CP] Copy Pods Resources */ = {
			isa = PBXShellScriptBuildPhase;
			buildActionMask = 2147483647;
			files = (
			);
			inputPaths = (
			);
			name = "[CP] Copy Pods Resources";
			outputPaths = (
			);
			runOnlyForDeploymentPostprocessing = 0;
			shellPath = /bin/sh;
			shellScript = "\"${SRCROOT}/Pods/Target Support Files/Pods-PokemonCollectionUITests/Pods-PokemonCollectionUITests-resources.sh\"\n";
			showEnvVarsInLog = 0;
		};
		DE00CECA4531B3AA328BEF7F /* [CP] Copy Pods Resources */ = {
			isa = PBXShellScriptBuildPhase;
			buildActionMask = 2147483647;
			files = (
			);
			inputPaths = (
			);
			name = "[CP] Copy Pods Resources";
			outputPaths = (
			);
			runOnlyForDeploymentPostprocessing = 0;
			shellPath = /bin/sh;
			shellScript = "\"${SRCROOT}/Pods/Target Support Files/Pods-PokemonCollectionTests/Pods-PokemonCollectionTests-resources.sh\"\n";
			showEnvVarsInLog = 0;
		};
		E30067196DCD68BB538E6D46 /* [CP] Check Pods Manifest.lock */ = {
			isa = PBXShellScriptBuildPhase;
			buildActionMask = 2147483647;
			files = (
			);
			inputPaths = (
			);
			name = "[CP] Check Pods Manifest.lock";
			outputPaths = (
			);
			runOnlyForDeploymentPostprocessing = 0;
			shellPath = /bin/sh;
			shellScript = "diff \"${PODS_ROOT}/../Podfile.lock\" \"${PODS_ROOT}/Manifest.lock\" > /dev/null\nif [ $? != 0 ] ; then\n    # print error to STDERR\n    echo \"error: The sandbox is not in sync with the Podfile.lock. Run 'pod install' or update your CocoaPods installation.\" >&2\n    exit 1\nfi\n";
			showEnvVarsInLog = 0;
		};
		E32E4E0B51F3EB83F925696E /* [CP] Check Pods Manifest.lock */ = {
			isa = PBXShellScriptBuildPhase;
			buildActionMask = 2147483647;
			files = (
			);
			inputPaths = (
			);
			name = "[CP] Check Pods Manifest.lock";
			outputPaths = (
			);
			runOnlyForDeploymentPostprocessing = 0;
			shellPath = /bin/sh;
			shellScript = "diff \"${PODS_ROOT}/../Podfile.lock\" \"${PODS_ROOT}/Manifest.lock\" > /dev/null\nif [ $? != 0 ] ; then\n    # print error to STDERR\n    echo \"error: The sandbox is not in sync with the Podfile.lock. Run 'pod install' or update your CocoaPods installation.\" >&2\n    exit 1\nfi\n";
			showEnvVarsInLog = 0;
		};
		FBD3140A2F642D1146A27877 /* [CP] Embed Pods Frameworks */ = {
			isa = PBXShellScriptBuildPhase;
			buildActionMask = 2147483647;
			files = (
			);
			inputPaths = (
			);
			name = "[CP] Embed Pods Frameworks";
			outputPaths = (
			);
			runOnlyForDeploymentPostprocessing = 0;
			shellPath = /bin/sh;
			shellScript = "\"${SRCROOT}/Pods/Target Support Files/Pods-PokemonCollection/Pods-PokemonCollection-frameworks.sh\"\n";
			showEnvVarsInLog = 0;
		};
/* End PBXShellScriptBuildPhase section */

/* Begin PBXSourcesBuildPhase section */
		D25B96B81D76899700342749 /* Sources */ = {
			isa = PBXSourcesBuildPhase;
			buildActionMask = 2147483647;
			files = (
				D25B96F41D76CDF600342749 /* PokeCell.swift in Sources */,
				D229D5E41D78224D00C801C8 /* DetailPokemonVC.swift in Sources */,
				D25B96C21D76899700342749 /* ViewController.swift in Sources */,
				D25B96C01D76899700342749 /* AppDelegate.swift in Sources */,
				D29A98021D79CB250040BE51 /* Constants.swift in Sources */,
				D25B96F11D76BE6100342749 /* Pokemon.swift in Sources */,
				D28C33521D77BDCB001DA32A /* csv.swift in Sources */,
			);
			runOnlyForDeploymentPostprocessing = 0;
		};
		D25B96CC1D76899800342749 /* Sources */ = {
			isa = PBXSourcesBuildPhase;
			buildActionMask = 2147483647;
			files = (
				D25B96D51D76899800342749 /* PokemonCollectionTests.swift in Sources */,
			);
			runOnlyForDeploymentPostprocessing = 0;
		};
		D25B96D71D76899800342749 /* Sources */ = {
			isa = PBXSourcesBuildPhase;
			buildActionMask = 2147483647;
			files = (
				D25B96E01D76899800342749 /* PokemonCollectionUITests.swift in Sources */,
			);
			runOnlyForDeploymentPostprocessing = 0;
		};
/* End PBXSourcesBuildPhase section */

/* Begin PBXTargetDependency section */
		D25B96D21D76899800342749 /* PBXTargetDependency */ = {
			isa = PBXTargetDependency;
			target = D25B96BB1D76899700342749 /* PokemonCollection */;
			targetProxy = D25B96D11D76899800342749 /* PBXContainerItemProxy */;
		};
		D25B96DD1D76899800342749 /* PBXTargetDependency */ = {
			isa = PBXTargetDependency;
			target = D25B96BB1D76899700342749 /* PokemonCollection */;
			targetProxy = D25B96DC1D76899800342749 /* PBXContainerItemProxy */;
		};
/* End PBXTargetDependency section */

/* Begin PBXVariantGroup section */
		D25B96C31D76899700342749 /* Main.storyboard */ = {
			isa = PBXVariantGroup;
			children = (
				D25B96C41D76899700342749 /* Base */,
			);
			name = Main.storyboard;
			sourceTree = "<group>";
		};
		D25B96C81D76899700342749 /* LaunchScreen.storyboard */ = {
			isa = PBXVariantGroup;
			children = (
				D25B96C91D76899700342749 /* Base */,
			);
			name = LaunchScreen.storyboard;
			sourceTree = "<group>";
		};
/* End PBXVariantGroup section */

/* Begin XCBuildConfiguration section */
		D25B96E21D76899800342749 /* Debug */ = {
			isa = XCBuildConfiguration;
			buildSettings = {
				ALWAYS_SEARCH_USER_PATHS = NO;
				CLANG_ANALYZER_NONNULL = YES;
				CLANG_CXX_LANGUAGE_STANDARD = "gnu++0x";
				CLANG_CXX_LIBRARY = "libc++";
				CLANG_ENABLE_MODULES = YES;
				CLANG_ENABLE_OBJC_ARC = YES;
				CLANG_WARN_BOOL_CONVERSION = YES;
				CLANG_WARN_CONSTANT_CONVERSION = YES;
				CLANG_WARN_DIRECT_OBJC_ISA_USAGE = YES_ERROR;
				CLANG_WARN_DOCUMENTATION_COMMENTS = YES;
				CLANG_WARN_EMPTY_BODY = YES;
				CLANG_WARN_ENUM_CONVERSION = YES;
				CLANG_WARN_INFINITE_RECURSION = YES;
				CLANG_WARN_INT_CONVERSION = YES;
				CLANG_WARN_OBJC_ROOT_CLASS = YES_ERROR;
				CLANG_WARN_SUSPICIOUS_MOVES = YES;
				CLANG_WARN_UNREACHABLE_CODE = YES;
				CLANG_WARN__DUPLICATE_METHOD_MATCH = YES;
				"CODE_SIGN_IDENTITY[sdk=iphoneos*]" = "iPhone Developer";
				COPY_PHASE_STRIP = NO;
				DEBUG_INFORMATION_FORMAT = dwarf;
				ENABLE_STRICT_OBJC_MSGSEND = YES;
				ENABLE_TESTABILITY = YES;
				GCC_C_LANGUAGE_STANDARD = gnu99;
				GCC_DYNAMIC_NO_PIC = NO;
				GCC_NO_COMMON_BLOCKS = YES;
				GCC_OPTIMIZATION_LEVEL = 0;
				GCC_PREPROCESSOR_DEFINITIONS = (
					"DEBUG=1",
					"$(inherited)",
				);
				GCC_WARN_64_TO_32_BIT_CONVERSION = YES;
				GCC_WARN_ABOUT_RETURN_TYPE = YES_ERROR;
				GCC_WARN_UNDECLARED_SELECTOR = YES;
				GCC_WARN_UNINITIALIZED_AUTOS = YES_AGGRESSIVE;
				GCC_WARN_UNUSED_FUNCTION = YES;
				GCC_WARN_UNUSED_VARIABLE = YES;
				IPHONEOS_DEPLOYMENT_TARGET = 10.0;
				MTL_ENABLE_DEBUG_INFO = YES;
				ONLY_ACTIVE_ARCH = YES;
				SDKROOT = iphoneos;
				SWIFT_ACTIVE_COMPILATION_CONDITIONS = DEBUG;
				SWIFT_OPTIMIZATION_LEVEL = "-Onone";
				TARGETED_DEVICE_FAMILY = "1,2";
			};
			name = Debug;
		};
		D25B96E31D76899800342749 /* Release */ = {
			isa = XCBuildConfiguration;
			buildSettings = {
				ALWAYS_SEARCH_USER_PATHS = NO;
				CLANG_ANALYZER_NONNULL = YES;
				CLANG_CXX_LANGUAGE_STANDARD = "gnu++0x";
				CLANG_CXX_LIBRARY = "libc++";
				CLANG_ENABLE_MODULES = YES;
				CLANG_ENABLE_OBJC_ARC = YES;
				CLANG_WARN_BOOL_CONVERSION = YES;
				CLANG_WARN_CONSTANT_CONVERSION = YES;
				CLANG_WARN_DIRECT_OBJC_ISA_USAGE = YES_ERROR;
				CLANG_WARN_DOCUMENTATION_COMMENTS = YES;
				CLANG_WARN_EMPTY_BODY = YES;
				CLANG_WARN_ENUM_CONVERSION = YES;
				CLANG_WARN_INFINITE_RECURSION = YES;
				CLANG_WARN_INT_CONVERSION = YES;
				CLANG_WARN_OBJC_ROOT_CLASS = YES_ERROR;
				CLANG_WARN_SUSPICIOUS_MOVES = YES;
				CLANG_WARN_UNREACHABLE_CODE = YES;
				CLANG_WARN__DUPLICATE_METHOD_MATCH = YES;
				"CODE_SIGN_IDENTITY[sdk=iphoneos*]" = "iPhone Developer";
				COPY_PHASE_STRIP = NO;
				DEBUG_INFORMATION_FORMAT = "dwarf-with-dsym";
				ENABLE_NS_ASSERTIONS = NO;
				ENABLE_STRICT_OBJC_MSGSEND = YES;
				GCC_C_LANGUAGE_STANDARD = gnu99;
				GCC_NO_COMMON_BLOCKS = YES;
				GCC_WARN_64_TO_32_BIT_CONVERSION = YES;
				GCC_WARN_ABOUT_RETURN_TYPE = YES_ERROR;
				GCC_WARN_UNDECLARED_SELECTOR = YES;
				GCC_WARN_UNINITIALIZED_AUTOS = YES_AGGRESSIVE;
				GCC_WARN_UNUSED_FUNCTION = YES;
				GCC_WARN_UNUSED_VARIABLE = YES;
				IPHONEOS_DEPLOYMENT_TARGET = 10.0;
				MTL_ENABLE_DEBUG_INFO = NO;
				SDKROOT = iphoneos;
				SWIFT_OPTIMIZATION_LEVEL = "-Owholemodule";
				TARGETED_DEVICE_FAMILY = "1,2";
				VALIDATE_PRODUCT = YES;
			};
			name = Release;
		};
		D25B96E51D76899800342749 /* Debug */ = {
			isa = XCBuildConfiguration;
			baseConfigurationReference = 5E973BCBE7D4EF5856A2E197 /* Pods-PokemonCollection.debug.xcconfig */;
			buildSettings = {
				ASSETCATALOG_COMPILER_APPICON_NAME = AppIcon;
				DEVELOPMENT_TEAM = WG937QNZTU;
				INFOPLIST_FILE = PokemonCollection/Info.plist;
				LD_RUNPATH_SEARCH_PATHS = "$(inherited) @executable_path/Frameworks";
				PRODUCT_BUNDLE_IDENTIFIER = com.Khoa.PokemonCollection;
				PRODUCT_NAME = "$(TARGET_NAME)";
				SWIFT_VERSION = 3.0;
			};
			name = Debug;
		};
		D25B96E61D76899800342749 /* Release */ = {
			isa = XCBuildConfiguration;
			baseConfigurationReference = 4CEA0C2BD27CAFB38FBB31C8 /* Pods-PokemonCollection.release.xcconfig */;
			buildSettings = {
				ASSETCATALOG_COMPILER_APPICON_NAME = AppIcon;
				DEVELOPMENT_TEAM = WG937QNZTU;
				INFOPLIST_FILE = PokemonCollection/Info.plist;
				LD_RUNPATH_SEARCH_PATHS = "$(inherited) @executable_path/Frameworks";
				PRODUCT_BUNDLE_IDENTIFIER = com.Khoa.PokemonCollection;
				PRODUCT_NAME = "$(TARGET_NAME)";
				SWIFT_VERSION = 3.0;
			};
			name = Release;
		};
		D25B96E81D76899800342749 /* Debug */ = {
			isa = XCBuildConfiguration;
			baseConfigurationReference = BF5AA1B12431D7BF5C263412 /* Pods-PokemonCollectionTests.debug.xcconfig */;
			buildSettings = {
				ALWAYS_EMBED_SWIFT_STANDARD_LIBRARIES = YES;
				BUNDLE_LOADER = "$(TEST_HOST)";
				DEVELOPMENT_TEAM = WG937QNZTU;
				INFOPLIST_FILE = PokemonCollectionTests/Info.plist;
				LD_RUNPATH_SEARCH_PATHS = "$(inherited) @executable_path/Frameworks @loader_path/Frameworks";
				PRODUCT_BUNDLE_IDENTIFIER = com.Khoa.PokemonCollectionTests;
				PRODUCT_NAME = "$(TARGET_NAME)";
				SWIFT_VERSION = 3.0;
				TEST_HOST = "$(BUILT_PRODUCTS_DIR)/PokemonCollection.app/PokemonCollection";
			};
			name = Debug;
		};
		D25B96E91D76899800342749 /* Release */ = {
			isa = XCBuildConfiguration;
			baseConfigurationReference = 80357ED2C0900F5928DCBE31 /* Pods-PokemonCollectionTests.release.xcconfig */;
			buildSettings = {
				ALWAYS_EMBED_SWIFT_STANDARD_LIBRARIES = YES;
				BUNDLE_LOADER = "$(TEST_HOST)";
				DEVELOPMENT_TEAM = WG937QNZTU;
				INFOPLIST_FILE = PokemonCollectionTests/Info.plist;
				LD_RUNPATH_SEARCH_PATHS = "$(inherited) @executable_path/Frameworks @loader_path/Frameworks";
				PRODUCT_BUNDLE_IDENTIFIER = com.Khoa.PokemonCollectionTests;
				PRODUCT_NAME = "$(TARGET_NAME)";
				SWIFT_VERSION = 3.0;
				TEST_HOST = "$(BUILT_PRODUCTS_DIR)/PokemonCollection.app/PokemonCollection";
			};
			name = Release;
		};
		D25B96EB1D76899800342749 /* Debug */ = {
			isa = XCBuildConfiguration;
			baseConfigurationReference = E06C0E53D9E91FA156DDE224 /* Pods-PokemonCollectionUITests.debug.xcconfig */;
			buildSettings = {
				ALWAYS_EMBED_SWIFT_STANDARD_LIBRARIES = YES;
				DEVELOPMENT_TEAM = WG937QNZTU;
				INFOPLIST_FILE = PokemonCollectionUITests/Info.plist;
				LD_RUNPATH_SEARCH_PATHS = "$(inherited) @executable_path/Frameworks @loader_path/Frameworks";
				PRODUCT_BUNDLE_IDENTIFIER = com.Khoa.PokemonCollectionUITests;
				PRODUCT_NAME = "$(TARGET_NAME)";
				SWIFT_VERSION = 3.0;
				TEST_TARGET_NAME = PokemonCollection;
			};
			name = Debug;
		};
		D25B96EC1D76899800342749 /* Release */ = {
			isa = XCBuildConfiguration;
			baseConfigurationReference = 2AAC30641A69291F2595CE31 /* Pods-PokemonCollectionUITests.release.xcconfig */;
			buildSettings = {
				ALWAYS_EMBED_SWIFT_STANDARD_LIBRARIES = YES;
				DEVELOPMENT_TEAM = WG937QNZTU;
				INFOPLIST_FILE = PokemonCollectionUITests/Info.plist;
				LD_RUNPATH_SEARCH_PATHS = "$(inherited) @executable_path/Frameworks @loader_path/Frameworks";
				PRODUCT_BUNDLE_IDENTIFIER = com.Khoa.PokemonCollectionUITests;
				PRODUCT_NAME = "$(TARGET_NAME)";
				SWIFT_VERSION = 3.0;
				TEST_TARGET_NAME = PokemonCollection;
			};
			name = Release;
		};
/* End XCBuildConfiguration section */

/* Begin XCConfigurationList section */
		D25B96B71D76899700342749 /* Build configuration list for PBXProject "PokemonCollection" */ = {
			isa = XCConfigurationList;
			buildConfigurations = (
				D25B96E21D76899800342749 /* Debug */,
				D25B96E31D76899800342749 /* Release */,
			);
			defaultConfigurationIsVisible = 0;
			defaultConfigurationName = Release;
		};
		D25B96E41D76899800342749 /* Build configuration list for PBXNativeTarget "PokemonCollection" */ = {
			isa = XCConfigurationList;
			buildConfigurations = (
				D25B96E51D76899800342749 /* Debug */,
				D25B96E61D76899800342749 /* Release */,
			);
			defaultConfigurationIsVisible = 0;
			defaultConfigurationName = Release;
		};
		D25B96E71D76899800342749 /* Build configuration list for PBXNativeTarget "PokemonCollectionTests" */ = {
			isa = XCConfigurationList;
			buildConfigurations = (
				D25B96E81D76899800342749 /* Debug */,
				D25B96E91D76899800342749 /* Release */,
			);
			defaultConfigurationIsVisible = 0;
			defaultConfigurationName = Release;
		};
		D25B96EA1D76899800342749 /* Build configuration list for PBXNativeTarget "PokemonCollectionUITests" */ = {
			isa = XCConfigurationList;
			buildConfigurations = (
				D25B96EB1D76899800342749 /* Debug */,
				D25B96EC1D76899800342749 /* Release */,
			);
			defaultConfigurationIsVisible = 0;
			defaultConfigurationName = Release;
		};
/* End XCConfigurationList section */
	};
	rootObject = D25B96B41D76899700342749 /* Project object */;
}
